
Microsoft Visual Studio Solution File, Format Version 12.00
# Visual Studio 2012
Project("{FAE04EC0-301F-11D3-BF4B-00C04F79EFBC}") = "web_form02", "web_form02\web_form02.csproj", "{46159A42-1F98-460D-B213-DC4D1744BA21}"
EndProject
Global
	GlobalSection(SolutionConfigurationPlatforms) = preSolution
		Debug|Any CPU = Debug|Any CPU
		Release|Any CPU = Release|Any CPU
	EndGlobalSection
	GlobalSection(ProjectConfigurationPlatforms) = postSolution
		{46159A42-1F98-460D-B213-DC4D1744BA21}.Debug|Any CPU.ActiveCfg = Debug|Any CPU
		{46159A42-1F98-460D-B213-DC4D1744BA21}.Debug|Any CPU.Build.0 = Debug|Any CPU
		{46159A42-1F98-460D-B213-DC4D1744BA21}.Release|Any CPU.ActiveCfg = Release|Any CPU
		{46159A42-1F98-460D-B213-DC4D1744BA21}.Release|Any CPU.Build.0 = Release|Any CPU
	EndGlobalSection
EndGlobal
